
Microsoft Visual Studio Solution File, Format Version 12.00
# Visual Studio Version 16
VisualStudioVersion = 16.0.29215.179
MinimumVisualStudioVersion = 10.0.40219.1
Project("{FAE04EC0-301F-11D3-BF4B-00C04F79EFBC}") = "Project 02", "Project 02\Project 02.csproj", "{70932D10-2E89-4F15-A266-5BD22E7FA3A2}"
EndProject
Global
	GlobalSection(SolutionConfigurationPlatforms) = preSolution
		Debug|Any CPU = Debug|Any CPU
		Release|Any CPU = Release|Any CPU
	EndGlobalSection
	GlobalSection(ProjectConfigurationPlatforms) = postSolution
		{70932D10-2E89-4F15-A266-5BD22E7FA3A2}.Debug|Any CPU.ActiveCfg = Debug|Any CPU
		{70932D10-2E89-4F15-A266-5BD22E7FA3A2}.Debug|Any CPU.Build.0 = Debug|Any CPU
		{70932D10-2E89-4F15-A266-5BD22E7FA3A2}.Release|Any CPU.ActiveCfg = Release|Any CPU
		{70932D10-2E89-4F15-A266-5BD22E7FA3A2}.Release|Any CPU.Build.0 = Release|Any CPU
	EndGlobalSection
	GlobalSection(SolutionProperties) = preSolution
		HideSolutionNode = FALSE
	EndGlobalSection
	GlobalSection(ExtensibilityGlobals) = postSolution
		SolutionGuid = {4087D879-7584-4A7A-AB57-BB620AFD3572}
	EndGlobalSection
EndGlobal
